# generated by rye
# use `rye lock` or `rye sync` to update this lockfile
#
# last locked with the following flags:
#   pre: false
#   features: []
#   all-features: false
#   with-sources: false
#   generate-hashes: false

-e file:.
alembic==1.13.2
    # via reflex
annotated-types==0.7.0
    # via pydantic
anyio==4.4.0
    # via httpx
    # via starlette
    # via watchfiles
bidict==0.23.1
    # via python-socketio
build==1.2.1
    # via reflex
certifi==2024.6.2
    # via httpcore
    # via httpx
    # via requests
charset-normalizer==3.3.2
    # via reflex
    # via reflex-hosting-cli
    # via requests
click==8.1.7
    # via typer
    # via uvicorn
colorama==0.4.6
    # via build
    # via click
dill==0.3.8
    # via reflex
docutils==0.21.2
    # via readme-renderer
fastapi==0.110.3
    # via reflex
greenlet==3.0.3
    # via sqlalchemy
gunicorn==22.0.0
    # via reflex
h11==0.14.0
    # via httpcore
    # via uvicorn
    # via wsproto
httpcore==1.0.5
    # via httpx
httpx==0.27.0
    # via reflex
    # via reflex-hosting-cli
idna==3.7
    # via anyio
    # via httpx
    # via requests
importlib-metadata==8.0.0
    # via twine
jaraco-classes==3.4.0
    # via keyring
jaraco-context==5.3.0
    # via keyring
jaraco-functools==4.0.1
    # via keyring
jinja2==3.1.4
    # via reflex
    # via starlette-admin
keyring==25.2.1
    # via twine
lazy-loader==0.4
    # via reflex
mako==1.3.5
    # via alembic
markdown-it-py==3.0.0
    # via rich
markupsafe==2.1.5
    # via jinja2
    # via mako
mdurl==0.1.2
    # via markdown-it-py
more-itertools==10.3.0
    # via jaraco-classes
    # via jaraco-functools
nh3==0.2.17
    # via readme-renderer
packaging==24.1
    # via build
    # via gunicorn
    # via lazy-loader
    # via reflex
pip==24.1.1
    # via pipdeptree
pipdeptree==2.16.2
    # via reflex-hosting-cli
pkginfo==1.10.0
    # via twine
platformdirs==4.2.2
    # via reflex
    # via reflex-hosting-cli
psutil==5.9.8
    # via reflex
pydantic==2.7.4
    # via fastapi
    # via reflex
    # via reflex-hosting-cli
    # via sqlmodel
pydantic-core==2.18.4
    # via pydantic
pygments==2.18.0
    # via readme-renderer
    # via rich
pyproject-hooks==1.1.0
    # via build
python-dateutil==2.9.0.post0
    # via reflex-hosting-cli
python-engineio==4.9.1
    # via python-socketio
    # via reflex
python-multipart==0.0.9
    # via reflex
    # via starlette-admin
python-socketio==5.11.3
    # via reflex
pywin32-ctypes==0.2.2
    # via keyring
readme-renderer==43.0
    # via twine
redis==5.0.7
    # via reflex
reflex==0.5.5
    # via reflex-spinners
reflex-hosting-cli==0.1.13
    # via reflex
requests==2.32.3
    # via requests-toolbelt
    # via twine
requests-toolbelt==1.0.0
    # via twine
rfc3986==2.0.0
    # via twine
rich==13.7.1
    # via reflex
    # via reflex-hosting-cli
    # via twine
    # via typer
setuptools==69.5.1
    # via reflex
shellingham==1.5.4
    # via typer
simple-websocket==1.0.0
    # via python-engineio
six==1.16.0
    # via python-dateutil
sniffio==1.3.1
    # via anyio
    # via httpx
sqlalchemy==2.0.31
    # via alembic
    # via sqlmodel
sqlmodel==0.0.19
    # via reflex
starlette==0.37.2
    # via fastapi
    # via starlette-admin
starlette-admin==0.14.0
    # via reflex
tabulate==0.9.0
    # via reflex-hosting-cli
tomlkit==0.12.5
    # via reflex
twine==5.1.1
    # via reflex
typer==0.12.3
    # via reflex
    # via reflex-hosting-cli
typing-extensions==4.12.2
    # via alembic
    # via fastapi
    # via pydantic
    # via pydantic-core
    # via sqlalchemy
    # via typer
urllib3==2.2.2
    # via requests
    # via twine
uvicorn==0.24.0.post1
    # via reflex
watchdog==4.0.1
    # via reflex
watchfiles==0.22.0
    # via reflex
websockets==12.0
    # via reflex-hosting-cli
wheel==0.43.0
    # via reflex
wrapt==1.16.0
    # via reflex
wsproto==1.2.0
    # via simple-websocket
zipp==3.19.2
    # via importlib-metadata
